
Microsoft Visual Studio Solution File, Format Version 12.00
# Visual Studio 2012
Project("{FAE04EC0-301F-11D3-BF4B-00C04F79EFBC}") = "PhotoExplorer", "PhotoExplorer\PhotoExplorer.csproj", "{32FA61CE-6E96-4172-ACA5-18861AD709AE}"
EndProject
Global
	GlobalSection(SolutionConfigurationPlatforms) = preSolution
		Debug|iPhoneSimulator = Debug|iPhoneSimulator
		Release|iPhoneSimulator = Release|iPhoneSimulator
		Debug|iPhone = Debug|iPhone
		Release|iPhone = Release|iPhone
		Ad-Hoc|iPhone = Ad-Hoc|iPhone
		AppStore|iPhone = AppStore|iPhone
	EndGlobalSection
	GlobalSection(ProjectConfigurationPlatforms) = postSolution
		{32FA61CE-6E96-4172-ACA5-18861AD709AE}.Ad-Hoc|iPhone.ActiveCfg = Ad-Hoc|iPhone
		{32FA61CE-6E96-4172-ACA5-18861AD709AE}.Ad-Hoc|iPhone.Build.0 = Ad-Hoc|iPhone
		{32FA61CE-6E96-4172-ACA5-18861AD709AE}.AppStore|iPhone.ActiveCfg = AppStore|iPhone
		{32FA61CE-6E96-4172-ACA5-18861AD709AE}.AppStore|iPhone.Build.0 = AppStore|iPhone
		{32FA61CE-6E96-4172-ACA5-18861AD709AE}.Debug|iPhone.ActiveCfg = Debug|iPhone
		{32FA61CE-6E96-4172-ACA5-18861AD709AE}.Debug|iPhone.Build.0 = Debug|iPhone
		{32FA61CE-6E96-4172-ACA5-18861AD709AE}.Debug|iPhoneSimulator.ActiveCfg = Debug|iPhoneSimulator
		{32FA61CE-6E96-4172-ACA5-18861AD709AE}.Debug|iPhoneSimulator.Build.0 = Debug|iPhoneSimulator
		{32FA61CE-6E96-4172-ACA5-18861AD709AE}.Release|iPhone.ActiveCfg = Release|iPhone
		{32FA61CE-6E96-4172-ACA5-18861AD709AE}.Release|iPhone.Build.0 = Release|iPhone
		{32FA61CE-6E96-4172-ACA5-18861AD709AE}.Release|iPhoneSimulator.ActiveCfg = Release|iPhoneSimulator
		{32FA61CE-6E96-4172-ACA5-18861AD709AE}.Release|iPhoneSimulator.Build.0 = Release|iPhoneSimulator
	EndGlobalSection
	GlobalSection(MonoDevelopProperties) = preSolution
		StartupItem = PhotoExplorer\PhotoExplorer.csproj
	EndGlobalSection
EndGlobal
